// !$*UTF8*$!
{
	archiveVersion = 1;
	classes = {
	};
	objectVersion = 50;
	objects = {

/* Begin PBXBuildFile section */
		87CF63C323DEB78D008593DC /* AppDelegate.swift in Sources */ = {isa = PBXBuildFile; fileRef = 87CF63C223DEB78D008593DC /* AppDelegate.swift */; };
		87CF63C523DEB78D008593DC /* SceneDelegate.swift in Sources */ = {isa = PBXBuildFile; fileRef = 87CF63C423DEB78D008593DC /* SceneDelegate.swift */; };
		87CF63C723DEB78D008593DC /* ViewController.swift in Sources */ = {isa = PBXBuildFile; fileRef = 87CF63C623DEB78D008593DC /* ViewController.swift */; };
		87CF63CA23DEB78D008593DC /* Main.storyboard in Resources */ = {isa = PBXBuildFile; fileRef = 87CF63C823DEB78D008593DC /* Main.storyboard */; };
		87CF63CC23DEB790008593DC /* Assets.xcassets in Resources */ = {isa = PBXBuildFile; fileRef = 87CF63CB23DEB790008593DC /* Assets.xcassets */; };
		87CF63CF23DEB790008593DC /* LaunchScreen.storyboard in Resources */ = {isa = PBXBuildFile; fileRef = 87CF63CD23DEB790008593DC /* LaunchScreen.storyboard */; };
		87CF63DA23DEB790008593DC /* MaterialViewTests.swift in Sources */ = {isa = PBXBuildFile; fileRef = 87CF63D923DEB790008593DC /* MaterialViewTests.swift */; };
		87CF63E523DEB790008593DC /* MaterialViewUITests.swift in Sources */ = {isa = PBXBuildFile; fileRef = 87CF63E423DEB790008593DC /* MaterialViewUITests.swift */; };
		87CF63F623DEB8BA008593DC /* ChoiListPopupBaseTableViewCell.xib in Resources */ = {isa = PBXBuildFile; fileRef = 87CF63F223DEB8BA008593DC /* ChoiListPopupBaseTableViewCell.xib */; };
		87CF63F723DEB8BA008593DC /* ChoiListPopupBaseTableViewCell.swift in Sources */ = {isa = PBXBuildFile; fileRef = 87CF63F323DEB8BA008593DC /* ChoiListPopupBaseTableViewCell.swift */; };
		87CF63F823DEB8BA008593DC /* ChoiListPopupView.xib in Resources */ = {isa = PBXBuildFile; fileRef = 87CF63F423DEB8BA008593DC /* ChoiListPopupView.xib */; };
		87CF63F923DEB8BA008593DC /* ChoiListPopupView.swift in Sources */ = {isa = PBXBuildFile; fileRef = 87CF63F523DEB8BA008593DC /* ChoiListPopupView.swift */; };
/* End PBXBuildFile section */

/* Begin PBXContainerItemProxy section */
		87CF63D623DEB790008593DC /* PBXContainerItemProxy */ = {
			isa = PBXContainerItemProxy;
			containerPortal = 87CF63B723DEB78D008593DC /* Project object */;
			proxyType = 1;
			remoteGlobalIDString = 87CF63BE23DEB78D008593DC;
			remoteInfo = MaterialView;
		};
		87CF63E123DEB790008593DC /* PBXContainerItemProxy */ = {
			isa = PBXContainerItemProxy;
			containerPortal = 87CF63B723DEB78D008593DC /* Project object */;
			proxyType = 1;
			remoteGlobalIDString = 87CF63BE23DEB78D008593DC;
			remoteInfo = MaterialView;
		};
/* End PBXContainerItemProxy section */

/* Begin PBXFileReference section */
		87CF63BF23DEB78D008593DC /* MaterialView.app */ = {isa = PBXFileReference; explicitFileType = wrapper.application; includeInIndex = 0; path = MaterialView.app; sourceTree = BUILT_PRODUCTS_DIR; };
		87CF63C223DEB78D008593DC /* AppDelegate.swift */ = {isa = PBXFileReference; lastKnownFileType = sourcecode.swift; path = AppDelegate.swift; sourceTree = "<group>"; };
		87CF63C423DEB78D008593DC /* SceneDelegate.swift */ = {isa = PBXFileReference; lastKnownFileType = sourcecode.swift; path = SceneDelegate.swift; sourceTree = "<group>"; };
		87CF63C623DEB78D008593DC /* ViewController.swift */ = {isa = PBXFileReference; lastKnownFileType = sourcecode.swift; path = ViewController.swift; sourceTree = "<group>"; };
		87CF63C923DEB78D008593DC /* Base */ = {isa = PBXFileReference; lastKnownFileType = file.storyboard; name = Base; path = Base.lproj/Main.storyboard; sourceTree = "<group>"; };
		87CF63CB23DEB790008593DC /* Assets.xcassets */ = {isa = PBXFileReference; lastKnownFileType = folder.assetcatalog; path = Assets.xcassets; sourceTree = "<group>"; };
		87CF63CE23DEB790008593DC /* Base */ = {isa = PBXFileReference; lastKnownFileType = file.storyboard; name = Base; path = Base.lproj/LaunchScreen.storyboard; sourceTree = "<group>"; };
		87CF63D023DEB790008593DC /* Info.plist */ = {isa = PBXFileReference; lastKnownFileType = text.plist.xml; path = Info.plist; sourceTree = "<group>"; };
		87CF63D523DEB790008593DC /* MaterialViewTests.xctest */ = {isa = PBXFileReference; explicitFileType = wrapper.cfbundle; includeInIndex = 0; path = MaterialViewTests.xctest; sourceTree = BUILT_PRODUCTS_DIR; };
		87CF63D923DEB790008593DC /* MaterialViewTests.swift */ = {isa = PBXFileReference; lastKnownFileType = sourcecode.swift; path = MaterialViewTests.swift; sourceTree = "<group>"; };
		87CF63DB23DEB790008593DC /* Info.plist */ = {isa = PBXFileReference; lastKnownFileType = text.plist.xml; path = Info.plist; sourceTree = "<group>"; };
		87CF63E023DEB790008593DC /* MaterialViewUITests.xctest */ = {isa = PBXFileReference; explicitFileType = wrapper.cfbundle; includeInIndex = 0; path = MaterialViewUITests.xctest; sourceTree = BUILT_PRODUCTS_DIR; };
		87CF63E423DEB790008593DC /* MaterialViewUITests.swift */ = {isa = PBXFileReference; lastKnownFileType = sourcecode.swift; path = MaterialViewUITests.swift; sourceTree = "<group>"; };
		87CF63E623DEB790008593DC /* Info.plist */ = {isa = PBXFileReference; lastKnownFileType = text.plist.xml; path = Info.plist; sourceTree = "<group>"; };
		87CF63F223DEB8BA008593DC /* ChoiListPopupBaseTableViewCell.xib */ = {isa = PBXFileReference; fileEncoding = 4; lastKnownFileType = file.xib; path = ChoiListPopupBaseTableViewCell.xib; sourceTree = "<group>"; };
		87CF63F323DEB8BA008593DC /* ChoiListPopupBaseTableViewCell.swift */ = {isa = PBXFileReference; fileEncoding = 4; lastKnownFileType = sourcecode.swift; path = ChoiListPopupBaseTableViewCell.swift; sourceTree = "<group>"; };
		87CF63F423DEB8BA008593DC /* ChoiListPopupView.xib */ = {isa = PBXFileReference; fileEncoding = 4; lastKnownFileType = file.xib; path = ChoiListPopupView.xib; sourceTree = "<group>"; };
		87CF63F523DEB8BA008593DC /* ChoiListPopupView.swift */ = {isa = PBXFileReference; fileEncoding = 4; lastKnownFileType = sourcecode.swift; path = ChoiListPopupView.swift; sourceTree = "<group>"; };
/* End PBXFileReference section */

/* Begin PBXFrameworksBuildPhase section */
		87CF63BC23DEB78D008593DC /* Frameworks */ = {
			isa = PBXFrameworksBuildPhase;
			buildActionMask = 2147483647;
			files = (
			);
			runOnlyForDeploymentPostprocessing = 0;
		};
		87CF63D223DEB790008593DC /* Frameworks */ = {
			isa = PBXFrameworksBuildPhase;
			buildActionMask = 2147483647;
			files = (
			);
			runOnlyForDeploymentPostprocessing = 0;
		};
		87CF63DD23DEB790008593DC /* Frameworks */ = {
			isa = PBXFrameworksBuildPhase;
			buildActionMask = 2147483647;
			files = (
			);
			runOnlyForDeploymentPostprocessing = 0;
		};
/* End PBXFrameworksBuildPhase section */

/* Begin PBXGroup section */
		87CF63B623DEB78D008593DC = {
			isa = PBXGroup;
			children = (
				87CF63C123DEB78D008593DC /* MaterialView */,
				87CF63D823DEB790008593DC /* MaterialViewTests */,
				87CF63E323DEB790008593DC /* MaterialViewUITests */,
				87CF63C023DEB78D008593DC /* Products */,
			);
			sourceTree = "<group>";
		};
		87CF63C023DEB78D008593DC /* Products */ = {
			isa = PBXGroup;
			children = (
				87CF63BF23DEB78D008593DC /* MaterialView.app */,
				87CF63D523DEB790008593DC /* MaterialViewTests.xctest */,
				87CF63E023DEB790008593DC /* MaterialViewUITests.xctest */,
			);
			name = Products;
			sourceTree = "<group>";
		};
		87CF63C123DEB78D008593DC /* MaterialView */ = {
			isa = PBXGroup;
			children = (
				87CF63F323DEB8BA008593DC /* ChoiListPopupBaseTableViewCell.swift */,
				87CF63F223DEB8BA008593DC /* ChoiListPopupBaseTableViewCell.xib */,
				87CF63F523DEB8BA008593DC /* ChoiListPopupView.swift */,
				87CF63F423DEB8BA008593DC /* ChoiListPopupView.xib */,
				87CF63C223DEB78D008593DC /* AppDelegate.swift */,
				87CF63C423DEB78D008593DC /* SceneDelegate.swift */,
				87CF63C623DEB78D008593DC /* ViewController.swift */,
				87CF63C823DEB78D008593DC /* Main.storyboard */,
				87CF63CB23DEB790008593DC /* Assets.xcassets */,
				87CF63CD23DEB790008593DC /* LaunchScreen.storyboard */,
				87CF63D023DEB790008593DC /* Info.plist */,
			);
			path = MaterialView;
			sourceTree = "<group>";
		};
		87CF63D823DEB790008593DC /* MaterialViewTests */ = {
			isa = PBXGroup;
			children = (
				87CF63D923DEB790008593DC /* MaterialViewTests.swift */,
				87CF63DB23DEB790008593DC /* Info.plist */,
			);
			path = MaterialViewTests;
			sourceTree = "<group>";
		};
		87CF63E323DEB790008593DC /* MaterialViewUITests */ = {
			isa = PBXGroup;
			children = (
				87CF63E423DEB790008593DC /* MaterialViewUITests.swift */,
				87CF63E623DEB790008593DC /* Info.plist */,
			);
			path = MaterialViewUITests;
			sourceTree = "<group>";
		};
/* End PBXGroup section */

/* Begin PBXNativeTarget section */
		87CF63BE23DEB78D008593DC /* MaterialView */ = {
			isa = PBXNativeTarget;
			buildConfigurationList = 87CF63E923DEB790008593DC /* Build configuration list for PBXNativeTarget "MaterialView" */;
			buildPhases = (
				87CF63BB23DEB78D008593DC /* Sources */,
				87CF63BC23DEB78D008593DC /* Frameworks */,
				87CF63BD23DEB78D008593DC /* Resources */,
			);
			buildRules = (
			);
			dependencies = (
			);
			name = MaterialView;
			productName = MaterialView;
			productReference = 87CF63BF23DEB78D008593DC /* MaterialView.app */;
			productType = "com.apple.product-type.application";
		};
		87CF63D423DEB790008593DC /* MaterialViewTests */ = {
			isa = PBXNativeTarget;
			buildConfigurationList = 87CF63EC23DEB790008593DC /* Build configuration list for PBXNativeTarget "MaterialViewTests" */;
			buildPhases = (
				87CF63D123DEB790008593DC /* Sources */,
				87CF63D223DEB790008593DC /* Frameworks */,
				87CF63D323DEB790008593DC /* Resources */,
			);
			buildRules = (
			);
			dependencies = (
				87CF63D723DEB790008593DC /* PBXTargetDependency */,
			);
			name = MaterialViewTests;
			productName = MaterialViewTests;
			productReference = 87CF63D523DEB790008593DC /* MaterialViewTests.xctest */;
			productType = "com.apple.product-type.bundle.unit-test";
		};
		87CF63DF23DEB790008593DC /* MaterialViewUITests */ = {
			isa = PBXNativeTarget;
			buildConfigurationList = 87CF63EF23DEB790008593DC /* Build configuration list for PBXNativeTarget "MaterialViewUITests" */;
			buildPhases = (
				87CF63DC23DEB790008593DC /* Sources */,
				87CF63DD23DEB790008593DC /* Frameworks */,
				87CF63DE23DEB790008593DC /* Resources */,
			);
			buildRules = (
			);
			dependencies = (
				87CF63E223DEB790008593DC /* PBXTargetDependency */,
			);
			name = MaterialViewUITests;
			productName = MaterialViewUITests;
			productReference = 87CF63E023DEB790008593DC /* MaterialViewUITests.xctest */;
			productType = "com.apple.product-type.bundle.ui-testing";
		};
/* End PBXNativeTarget section */

/* Begin PBXProject section */
		87CF63B723DEB78D008593DC /* Project object */ = {
			isa = PBXProject;
			attributes = {
				LastSwiftUpdateCheck = 1110;
				LastUpgradeCheck = 1110;
				ORGANIZATIONNAME = "최승민";
				TargetAttributes = {
					87CF63BE23DEB78D008593DC = {
						CreatedOnToolsVersion = 11.1;
					};
					87CF63D423DEB790008593DC = {
						CreatedOnToolsVersion = 11.1;
						TestTargetID = 87CF63BE23DEB78D008593DC;
					};
					87CF63DF23DEB790008593DC = {
						CreatedOnToolsVersion = 11.1;
						TestTargetID = 87CF63BE23DEB78D008593DC;
					};
				};
			};
			buildConfigurationList = 87CF63BA23DEB78D008593DC /* Build configuration list for PBXProject "MaterialView" */;
			compatibilityVersion = "Xcode 9.3";
			developmentRegion = en;
			hasScannedForEncodings = 0;
			knownRegions = (
				en,
				Base,
			);
			mainGroup = 87CF63B623DEB78D008593DC;
			productRefGroup = 87CF63C023DEB78D008593DC /* Products */;
			projectDirPath = "";
			projectRoot = "";
			targets = (
				87CF63BE23DEB78D008593DC /* MaterialView */,
				87CF63D423DEB790008593DC /* MaterialViewTests */,
				87CF63DF23DEB790008593DC /* MaterialViewUITests */,
			);
		};
/* End PBXProject section */

/* Begin PBXResourcesBuildPhase section */
		87CF63BD23DEB78D008593DC /* Resources */ = {
			isa = PBXResourcesBuildPhase;
			buildActionMask = 2147483647;
			files = (
				87CF63CF23DEB790008593DC /* LaunchScreen.storyboard in Resources */,
				87CF63F823DEB8BA008593DC /* ChoiListPopupView.xib in Resources */,
				87CF63CC23DEB790008593DC /* Assets.xcassets in Resources */,
				87CF63CA23DEB78D008593DC /* Main.storyboard in Resources */,
				87CF63F623DEB8BA008593DC /* ChoiListPopupBaseTableViewCell.xib in Resources */,
			);
			runOnlyForDeploymentPostprocessing = 0;
		};
		87CF63D323DEB790008593DC /* Resources */ = {
			isa = PBXResourcesBuildPhase;
			buildActionMask = 2147483647;
			files = (
			);
			runOnlyForDeploymentPostprocessing = 0;
		};
		87CF63DE23DEB790008593DC /* Resources */ = {
			isa = PBXResourcesBuildPhase;
			buildActionMask = 2147483647;
			files = (
			);
			runOnlyForDeploymentPostprocessing = 0;
		};
/* End PBXResourcesBuildPhase section */

/* Begin PBXSourcesBuildPhase section */
		87CF63BB23DEB78D008593DC /* Sources */ = {
			isa = PBXSourcesBuildPhase;
			buildActionMask = 2147483647;
			files = (
				87CF63C723DEB78D008593DC /* ViewController.swift in Sources */,
				87CF63F723DEB8BA008593DC /* ChoiListPopupBaseTableViewCell.swift in Sources */,
				87CF63C323DEB78D008593DC /* AppDelegate.swift in Sources */,
				87CF63F923DEB8BA008593DC /* ChoiListPopupView.swift in Sources */,
				87CF63C523DEB78D008593DC /* SceneDelegate.swift in Sources */,
			);
			runOnlyForDeploymentPostprocessing = 0;
		};
		87CF63D123DEB790008593DC /* Sources */ = {
			isa = PBXSourcesBuildPhase;
			buildActionMask = 2147483647;
			files = (
				87CF63DA23DEB790008593DC /* MaterialViewTests.swift in Sources */,
			);
			runOnlyForDeploymentPostprocessing = 0;
		};
		87CF63DC23DEB790008593DC /* Sources */ = {
			isa = PBXSourcesBuildPhase;
			buildActionMask = 2147483647;
			files = (
				87CF63E523DEB790008593DC /* MaterialViewUITests.swift in Sources */,
			);
			runOnlyForDeploymentPostprocessing = 0;
		};
/* End PBXSourcesBuildPhase section */

/* Begin PBXTargetDependency section */
		87CF63D723DEB790008593DC /* PBXTargetDependency */ = {
			isa = PBXTargetDependency;
			target = 87CF63BE23DEB78D008593DC /* MaterialView */;
			targetProxy = 87CF63D623DEB790008593DC /* PBXContainerItemProxy */;
		};
		87CF63E223DEB790008593DC /* PBXTargetDependency */ = {
			isa = PBXTargetDependency;
			target = 87CF63BE23DEB78D008593DC /* MaterialView */;
			targetProxy = 87CF63E123DEB790008593DC /* PBXContainerItemProxy */;
		};
/* End PBXTargetDependency section */

/* Begin PBXVariantGroup section */
		87CF63C823DEB78D008593DC /* Main.storyboard */ = {
			isa = PBXVariantGroup;
			children = (
				87CF63C923DEB78D008593DC /* Base */,
			);
			name = Main.storyboard;
			sourceTree = "<group>";
		};
		87CF63CD23DEB790008593DC /* LaunchScreen.storyboard */ = {
			isa = PBXVariantGroup;
			children = (
				87CF63CE23DEB790008593DC /* Base */,
			);
			name = LaunchScreen.storyboard;
			sourceTree = "<group>";
		};
/* End PBXVariantGroup section */

/* Begin XCBuildConfiguration section */
		87CF63E723DEB790008593DC /* Debug */ = {
			isa = XCBuildConfiguration;
			buildSettings = {
				ALWAYS_SEARCH_USER_PATHS = NO;
				CLANG_ANALYZER_NONNULL = YES;
				CLANG_ANALYZER_NUMBER_OBJECT_CONVERSION = YES_AGGRESSIVE;
				CLANG_CXX_LANGUAGE_STANDARD = "gnu++14";
				CLANG_CXX_LIBRARY = "libc++";
				CLANG_ENABLE_MODULES = YES;
				CLANG_ENABLE_OBJC_ARC = YES;
				CLANG_ENABLE_OBJC_WEAK = YES;
				CLANG_WARN_BLOCK_CAPTURE_AUTORELEASING = YES;
				CLANG_WARN_BOOL_CONVERSION = YES;
				CLANG_WARN_COMMA = YES;
				CLANG_WARN_CONSTANT_CONVERSION = YES;
				CLANG_WARN_DEPRECATED_OBJC_IMPLEMENTATIONS = YES;
				CLANG_WARN_DIRECT_OBJC_ISA_USAGE = YES_ERROR;
				CLANG_WARN_DOCUMENTATION_COMMENTS = YES;
				CLANG_WARN_EMPTY_BODY = YES;
				CLANG_WARN_ENUM_CONVERSION = YES;
				CLANG_WARN_INFINITE_RECURSION = YES;
				CLANG_WARN_INT_CONVERSION = YES;
				CLANG_WARN_NON_LITERAL_NULL_CONVERSION = YES;
				CLANG_WARN_OBJC_IMPLICIT_RETAIN_SELF = YES;
				CLANG_WARN_OBJC_LITERAL_CONVERSION = YES;
				CLANG_WARN_OBJC_ROOT_CLASS = YES_ERROR;
				CLANG_WARN_RANGE_LOOP_ANALYSIS = YES;
				CLANG_WARN_STRICT_PROTOTYPES = YES;
				CLANG_WARN_SUSPICIOUS_MOVE = YES;
				CLANG_WARN_UNGUARDED_AVAILABILITY = YES_AGGRESSIVE;
				CLANG_WARN_UNREACHABLE_CODE = YES;
				CLANG_WARN__DUPLICATE_METHOD_MATCH = YES;
				COPY_PHASE_STRIP = NO;
				DEBUG_INFORMATION_FORMAT = dwarf;
				ENABLE_STRICT_OBJC_MSGSEND = YES;
				ENABLE_TESTABILITY = YES;
				GCC_C_LANGUAGE_STANDARD = gnu11;
				GCC_DYNAMIC_NO_PIC = NO;
				GCC_NO_COMMON_BLOCKS = YES;
				GCC_OPTIMIZATION_LEVEL = 0;
				GCC_PREPROCESSOR_DEFINITIONS = (
					"DEBUG=1",
					"$(inherited)",
				);
				GCC_WARN_64_TO_32_BIT_CONVERSION = YES;
				GCC_WARN_ABOUT_RETURN_TYPE = YES_ERROR;
				GCC_WARN_UNDECLARED_SELECTOR = YES;
				GCC_WARN_UNINITIALIZED_AUTOS = YES_AGGRESSIVE;
				GCC_WARN_UNUSED_FUNCTION = YES;
				GCC_WARN_UNUSED_VARIABLE = YES;
				IPHONEOS_DEPLOYMENT_TARGET = 13.1;
				MTL_ENABLE_DEBUG_INFO = INCLUDE_SOURCE;
				MTL_FAST_MATH = YES;
				ONLY_ACTIVE_ARCH = YES;
				SDKROOT = iphoneos;
				SWIFT_ACTIVE_COMPILATION_CONDITIONS = DEBUG;
				SWIFT_OPTIMIZATION_LEVEL = "-Onone";
			};
			name = Debug;
		};
		87CF63E823DEB790008593DC /* Release */ = {
			isa = XCBuildConfiguration;
			buildSettings = {
				ALWAYS_SEARCH_USER_PATHS = NO;
				CLANG_ANALYZER_NONNULL = YES;
				CLANG_ANALYZER_NUMBER_OBJECT_CONVERSION = YES_AGGRESSIVE;
				CLANG_CXX_LANGUAGE_STANDARD = "gnu++14";
				CLANG_CXX_LIBRARY = "libc++";
				CLANG_ENABLE_MODULES = YES;
				CLANG_ENABLE_OBJC_ARC = YES;
				CLANG_ENABLE_OBJC_WEAK = YES;
				CLANG_WARN_BLOCK_CAPTURE_AUTORELEASING = YES;
				CLANG_WARN_BOOL_CONVERSION = YES;
				CLANG_WARN_COMMA = YES;
				CLANG_WARN_CONSTANT_CONVERSION = YES;
				CLANG_WARN_DEPRECATED_OBJC_IMPLEMENTATIONS = YES;
				CLANG_WARN_DIRECT_OBJC_ISA_USAGE = YES_ERROR;
				CLANG_WARN_DOCUMENTATION_COMMENTS = YES;
				CLANG_WARN_EMPTY_BODY = YES;
				CLANG_WARN_ENUM_CONVERSION = YES;
				CLANG_WARN_INFINITE_RECURSION = YES;
				CLANG_WARN_INT_CONVERSION = YES;
				CLANG_WARN_NON_LITERAL_NULL_CONVERSION = YES;
				CLANG_WARN_OBJC_IMPLICIT_RETAIN_SELF = YES;
				CLANG_WARN_OBJC_LITERAL_CONVERSION = YES;
				CLANG_WARN_OBJC_ROOT_CLASS = YES_ERROR;
				CLANG_WARN_RANGE_LOOP_ANALYSIS = YES;
				CLANG_WARN_STRICT_PROTOTYPES = YES;
				CLANG_WARN_SUSPICIOUS_MOVE = YES;
				CLANG_WARN_UNGUARDED_AVAILABILITY = YES_AGGRESSIVE;
				CLANG_WARN_UNREACHABLE_CODE = YES;
				CLANG_WARN__DUPLICATE_METHOD_MATCH = YES;
				COPY_PHASE_STRIP = NO;
				DEBUG_INFORMATION_FORMAT = "dwarf-with-dsym";
				ENABLE_NS_ASSERTIONS = NO;
				ENABLE_STRICT_OBJC_MSGSEND = YES;
				GCC_C_LANGUAGE_STANDARD = gnu11;
				GCC_NO_COMMON_BLOCKS = YES;
				GCC_WARN_64_TO_32_BIT_CONVERSION = YES;
				GCC_WARN_ABOUT_RETURN_TYPE = YES_ERROR;
				GCC_WARN_UNDECLARED_SELECTOR = YES;
				GCC_WARN_UNINITIALIZED_AUTOS = YES_AGGRESSIVE;
				GCC_WARN_UNUSED_FUNCTION = YES;
				GCC_WARN_UNUSED_VARIABLE = YES;
				IPHONEOS_DEPLOYMENT_TARGET = 13.1;
				MTL_ENABLE_DEBUG_INFO = NO;
				MTL_FAST_MATH = YES;
				SDKROOT = iphoneos;
				SWIFT_COMPILATION_MODE = wholemodule;
				SWIFT_OPTIMIZATION_LEVEL = "-O";
				VALIDATE_PRODUCT = YES;
			};
			name = Release;
		};
		87CF63EA23DEB790008593DC /* Debug */ = {
			isa = XCBuildConfiguration;
			buildSettings = {
				ASSETCATALOG_COMPILER_APPICON_NAME = AppIcon;
				CODE_SIGN_STYLE = Automatic;
				DEVELOPMENT_TEAM = 4TBRZ3GR24;
				INFOPLIST_FILE = MaterialView/Info.plist;
				IPHONEOS_DEPLOYMENT_TARGET = 10.0;
				LD_RUNPATH_SEARCH_PATHS = (
					"$(inherited)",
					"@executable_path/Frameworks",
				);
				PRODUCT_BUNDLE_IDENTIFIER = com.seung.MaterialView;
				PRODUCT_NAME = "$(TARGET_NAME)";
				SWIFT_VERSION = 5.0;
				TARGETED_DEVICE_FAMILY = "1,2";
			};
			name = Debug;
		};
		87CF63EB23DEB790008593DC /* Release */ = {
			isa = XCBuildConfiguration;
			buildSettings = {
				ASSETCATALOG_COMPILER_APPICON_NAME = AppIcon;
				CODE_SIGN_STYLE = Automatic;
				DEVELOPMENT_TEAM = 4TBRZ3GR24;
				INFOPLIST_FILE = MaterialView/Info.plist;
				IPHONEOS_DEPLOYMENT_TARGET = 10.0;
				LD_RUNPATH_SEARCH_PATHS = (
					"$(inherited)",
					"@executable_path/Frameworks",
				);
				PRODUCT_BUNDLE_IDENTIFIER = com.seung.MaterialView;
				PRODUCT_NAME = "$(TARGET_NAME)";
				SWIFT_VERSION = 5.0;
				TARGETED_DEVICE_FAMILY = "1,2";
			};
			name = Release;
		};
		87CF63ED23DEB790008593DC /* Debug */ = {
			isa = XCBuildConfiguration;
			buildSettings = {
				ALWAYS_EMBED_SWIFT_STANDARD_LIBRARIES = YES;
				BUNDLE_LOADER = "$(TEST_HOST)";
				CODE_SIGN_STYLE = Automatic;
				DEVELOPMENT_TEAM = 4TBRZ3GR24;
				INFOPLIST_FILE = MaterialViewTests/Info.plist;
				IPHONEOS_DEPLOYMENT_TARGET = 13.1;
				LD_RUNPATH_SEARCH_PATHS = (
					"$(inherited)",
					"@executable_path/Frameworks",
					"@loader_path/Frameworks",
				);
				PRODUCT_BUNDLE_IDENTIFIER = com.seung.MaterialViewTests;
				PRODUCT_NAME = "$(TARGET_NAME)";
				SWIFT_VERSION = 5.0;
				TARGETED_DEVICE_FAMILY = "1,2";
				TEST_HOST = "$(BUILT_PRODUCTS_DIR)/MaterialView.app/MaterialView";
			};
			name = Debug;
		};
		87CF63EE23DEB790008593DC /* Release */ = {
			isa = XCBuildConfiguration;
			buildSettings = {
				ALWAYS_EMBED_SWIFT_STANDARD_LIBRARIES = YES;
				BUNDLE_LOADER = "$(TEST_HOST)";
				CODE_SIGN_STYLE = Automatic;
				DEVELOPMENT_TEAM = 4TBRZ3GR24;
				INFOPLIST_FILE = MaterialViewTests/Info.plist;
				IPHONEOS_DEPLOYMENT_TARGET = 13.1;
				LD_RUNPATH_SEARCH_PATHS = (
					"$(inherited)",
					"@executable_path/Frameworks",
					"@loader_path/Frameworks",
				);
				PRODUCT_BUNDLE_IDENTIFIER = com.seung.MaterialViewTests;
				PRODUCT_NAME = "$(TARGET_NAME)";
				SWIFT_VERSION = 5.0;
				TARGETED_DEVICE_FAMILY = "1,2";
				TEST_HOST = "$(BUILT_PRODUCTS_DIR)/MaterialView.app/MaterialView";
			};
			name = Release;
		};
		87CF63F023DEB790008593DC /* Debug */ = {
			isa = XCBuildConfiguration;
			buildSettings = {
				ALWAYS_EMBED_SWIFT_STANDARD_LIBRARIES = YES;
				CODE_SIGN_STYLE = Automatic;
				DEVELOPMENT_TEAM = 4TBRZ3GR24;
				INFOPLIST_FILE = MaterialViewUITests/Info.plist;
				LD_RUNPATH_SEARCH_PATHS = (
					"$(inherited)",
					"@executable_path/Frameworks",
					"@loader_path/Frameworks",
				);
				PRODUCT_BUNDLE_IDENTIFIER = com.seung.MaterialViewUITests;
				PRODUCT_NAME = "$(TARGET_NAME)";
				SWIFT_VERSION = 5.0;
				TARGETED_DEVICE_FAMILY = "1,2";
				TEST_TARGET_NAME = MaterialView;
			};
			name = Debug;
		};
		87CF63F123DEB790008593DC /* Release */ = {
			isa = XCBuildConfiguration;
			buildSettings = {
				ALWAYS_EMBED_SWIFT_STANDARD_LIBRARIES = YES;
				CODE_SIGN_STYLE = Automatic;
				DEVELOPMENT_TEAM = 4TBRZ3GR24;
				INFOPLIST_FILE = MaterialViewUITests/Info.plist;
				LD_RUNPATH_SEARCH_PATHS = (
					"$(inherited)",
					"@executable_path/Frameworks",
					"@loader_path/Frameworks",
				);
				PRODUCT_BUNDLE_IDENTIFIER = com.seung.MaterialViewUITests;
				PRODUCT_NAME = "$(TARGET_NAME)";
				SWIFT_VERSION = 5.0;
				TARGETED_DEVICE_FAMILY = "1,2";
				TEST_TARGET_NAME = MaterialView;
			};
			name = Release;
		};
/* End XCBuildConfiguration section */

/* Begin XCConfigurationList section */
		87CF63BA23DEB78D008593DC /* Build configuration list for PBXProject "MaterialView" */ = {
			isa = XCConfigurationList;
			buildConfigurations = (
				87CF63E723DEB790008593DC /* Debug */,
				87CF63E823DEB790008593DC /* Release */,
			);
			defaultConfigurationIsVisible = 0;
			defaultConfigurationName = Release;
		};
		87CF63E923DEB790008593DC /* Build configuration list for PBXNativeTarget "MaterialView" */ = {
			isa = XCConfigurationList;
			buildConfigurations = (
				87CF63EA23DEB790008593DC /* Debug */,
				87CF63EB23DEB790008593DC /* Release */,
			);
			defaultConfigurationIsVisible = 0;
			defaultConfigurationName = Release;
		};
		87CF63EC23DEB790008593DC /* Build configuration list for PBXNativeTarget "MaterialViewTests" */ = {
			isa = XCConfigurationList;
			buildConfigurations = (
				87CF63ED23DEB790008593DC /* Debug */,
				87CF63EE23DEB790008593DC /* Release */,
			);
			defaultConfigurationIsVisible = 0;
			defaultConfigurationName = Release;
		};
		87CF63EF23DEB790008593DC /* Build configuration list for PBXNativeTarget "MaterialViewUITests" */ = {
			isa = XCConfigurationList;
			buildConfigurations = (
				87CF63F023DEB790008593DC /* Debug */,
				87CF63F123DEB790008593DC /* Release */,
			);
			defaultConfigurationIsVisible = 0;
			defaultConfigurationName = Release;
		};
/* End XCConfigurationList section */
	};
	rootObject = 87CF63B723DEB78D008593DC /* Project object */;
}
